{
    "_meta": {
        "hash": {
            "sha256": "a589363c3ceaf20a7a0d45f2defef352b1e4d5e530220d8e9543fa00021447ff"
        },
        "pipfile-spec": 6,
        "requires": {
            "python_version": "3.8"
        },
        "sources": [
            {
                "name": "pypi",
                "url": "https://pypi.org/simple",
                "verify_ssl": true
            }
        ]
    },
    "default": {
        "certifi": {
            "hashes": [
                "sha256:539cc1d13202e33ca466e88b2807e29f4c13049d6d87031a3c110744495cb082",
                "sha256:92d6037539857d8206b8f6ae472e8b77db8058fec5937a1ef3f54304089edbb9"
            ],
            "index": "pypi",
            "version": "==2023.7.22"
        },
        "charset-normalizer": {
            "hashes": [
                "sha256:04e57ab9fbf9607b77f7d057974694b4f6b142da9ed4a199859d9d4d5c63fe96",
                "sha256:09393e1b2a9461950b1c9a45d5fd251dc7c6f228acab64da1c9c0165d9c7765c",
                "sha256:0b87549028f680ca955556e3bd57013ab47474c3124dc069faa0b6545b6c9710",
                "sha256:1000fba1057b92a65daec275aec30586c3de2401ccdcd41f8a5c1e2c87078706",
                "sha256:1249cbbf3d3b04902ff081ffbb33ce3377fa6e4c7356f759f3cd076cc138d020",
                "sha256:1920d4ff15ce893210c1f0c0e9d19bfbecb7983c76b33f046c13a8ffbd570252",
                "sha256:193cbc708ea3aca45e7221ae58f0fd63f933753a9bfb498a3b474878f12caaad",
                "sha256:1a100c6d595a7f316f1b6f01d20815d916e75ff98c27a01ae817439ea7726329",
                "sha256:1f30b48dd7fa1474554b0b0f3fdfdd4c13b5c737a3c6284d3cdc424ec0ffff3a",
                "sha256:203f0c8871d5a7987be20c72442488a0b8cfd0f43b7973771640fc593f56321f",
                "sha256:246de67b99b6851627d945db38147d1b209a899311b1305dd84916f2b88526c6",
                "sha256:2dee8e57f052ef5353cf608e0b4c871aee320dd1b87d351c28764fc0ca55f9f4",
                "sha256:2efb1bd13885392adfda4614c33d3b68dee4921fd0ac1d3988f8cbb7d589e72a",
                "sha256:2f4ac36d8e2b4cc1aa71df3dd84ff8efbe3bfb97ac41242fbcfc053c67434f46",
                "sha256:3170c9399da12c9dc66366e9d14da8bf7147e1e9d9ea566067bbce7bb74bd9c2",
                "sha256:3b1613dd5aee995ec6d4c69f00378bbd07614702a315a2cf6c1d21461fe17c23",
                "sha256:3bb3d25a8e6c0aedd251753a79ae98a093c7e7b471faa3aa9a93a81431987ace",
                "sha256:3bb7fda7260735efe66d5107fb7e6af6a7c04c7fce9b2514e04b7a74b06bf5dd",
                "sha256:41b25eaa7d15909cf3ac4c96088c1f266a9a93ec44f87f1d13d4a0e86c81b982",
                "sha256:45de3f87179c1823e6d9e32156fb14c1927fcc9aba21433f088fdfb555b77c10",
                "sha256:46fb8c61d794b78ec7134a715a3e564aafc8f6b5e338417cb19fe9f57a5a9bf2",
                "sha256:48021783bdf96e3d6de03a6e39a1171ed5bd7e8bb93fc84cc649d11490f87cea",
                "sha256:4957669ef390f0e6719db3613ab3a7631e68424604a7b448f079bee145da6e09",
                "sha256:5e86d77b090dbddbe78867a0275cb4df08ea195e660f1f7f13435a4649e954e5",
                "sha256:6339d047dab2780cc6220f46306628e04d9750f02f983ddb37439ca47ced7149",
                "sha256:681eb3d7e02e3c3655d1b16059fbfb605ac464c834a0c629048a30fad2b27489",
                "sha256:6c409c0deba34f147f77efaa67b8e4bb83d2f11c8806405f76397ae5b8c0d1c9",
                "sha256:7095f6fbfaa55defb6b733cfeb14efaae7a29f0b59d8cf213be4e7ca0b857b80",
                "sha256:70c610f6cbe4b9fce272c407dd9d07e33e6bf7b4aa1b7ffb6f6ded8e634e3592",
                "sha256:72814c01533f51d68702802d74f77ea026b5ec52793c791e2da806a3844a46c3",
                "sha256:7a4826ad2bd6b07ca615c74ab91f32f6c96d08f6fcc3902ceeedaec8cdc3bcd6",
                "sha256:7c70087bfee18a42b4040bb9ec1ca15a08242cf5867c58726530bdf3945672ed",
                "sha256:855eafa5d5a2034b4621c74925d89c5efef61418570e5ef9b37717d9c796419c",
                "sha256:8700f06d0ce6f128de3ccdbc1acaea1ee264d2caa9ca05daaf492fde7c2a7200",
                "sha256:89f1b185a01fe560bc8ae5f619e924407efca2191b56ce749ec84982fc59a32a",
                "sha256:8b2c760cfc7042b27ebdb4a43a4453bd829a5742503599144d54a032c5dc7e9e",
                "sha256:8c2f5e83493748286002f9369f3e6607c565a6a90425a3a1fef5ae32a36d749d",
                "sha256:8e098148dd37b4ce3baca71fb394c81dc5d9c7728c95df695d2dca218edf40e6",
                "sha256:94aea8eff76ee6d1cdacb07dd2123a68283cb5569e0250feab1240058f53b623",
                "sha256:95eb302ff792e12aba9a8b8f8474ab229a83c103d74a750ec0bd1c1eea32e669",
                "sha256:9bd9b3b31adcb054116447ea22caa61a285d92e94d710aa5ec97992ff5eb7cf3",
                "sha256:9e608aafdb55eb9f255034709e20d5a83b6d60c054df0802fa9c9883d0a937aa",
                "sha256:a103b3a7069b62f5d4890ae1b8f0597618f628b286b03d4bc9195230b154bfa9",
                "sha256:a386ebe437176aab38c041de1260cd3ea459c6ce5263594399880bbc398225b2",
                "sha256:a38856a971c602f98472050165cea2cdc97709240373041b69030be15047691f",
                "sha256:a401b4598e5d3f4a9a811f3daf42ee2291790c7f9d74b18d75d6e21dda98a1a1",
                "sha256:a7647ebdfb9682b7bb97e2a5e7cb6ae735b1c25008a70b906aecca294ee96cf4",
                "sha256:aaf63899c94de41fe3cf934601b0f7ccb6b428c6e4eeb80da72c58eab077b19a",
                "sha256:b0dac0ff919ba34d4df1b6131f59ce95b08b9065233446be7e459f95554c0dc8",
                "sha256:baacc6aee0b2ef6f3d308e197b5d7a81c0e70b06beae1f1fcacffdbd124fe0e3",
                "sha256:bf420121d4c8dce6b889f0e8e4ec0ca34b7f40186203f06a946fa0276ba54029",
                "sha256:c04a46716adde8d927adb9457bbe39cf473e1e2c2f5d0a16ceb837e5d841ad4f",
                "sha256:c0b21078a4b56965e2b12f247467b234734491897e99c1d51cee628da9786959",
                "sha256:c1c76a1743432b4b60ab3358c937a3fe1341c828ae6194108a94c69028247f22",
                "sha256:c4983bf937209c57240cff65906b18bb35e64ae872da6a0db937d7b4af845dd7",
                "sha256:c4fb39a81950ec280984b3a44f5bd12819953dc5fa3a7e6fa7a80db5ee853952",
                "sha256:c57921cda3a80d0f2b8aec7e25c8aa14479ea92b5b51b6876d975d925a2ea346",
                "sha256:c8063cf17b19661471ecbdb3df1c84f24ad2e389e326ccaf89e3fb2484d8dd7e",
                "sha256:ccd16eb18a849fd8dcb23e23380e2f0a354e8daa0c984b8a732d9cfaba3a776d",
                "sha256:cd6dbe0238f7743d0efe563ab46294f54f9bc8f4b9bcf57c3c666cc5bc9d1299",
                "sha256:d62e51710986674142526ab9f78663ca2b0726066ae26b78b22e0f5e571238dd",
                "sha256:db901e2ac34c931d73054d9797383d0f8009991e723dab15109740a63e7f902a",
                "sha256:e03b8895a6990c9ab2cdcd0f2fe44088ca1c65ae592b8f795c3294af00a461c3",
                "sha256:e1c8a2f4c69e08e89632defbfabec2feb8a8d99edc9f89ce33c4b9e36ab63037",
                "sha256:e4b749b9cc6ee664a3300bb3a273c1ca8068c46be705b6c31cf5d276f8628a94",
                "sha256:e6a5bf2cba5ae1bb80b154ed68a3cfa2fa00fde979a7f50d6598d3e17d9ac20c",
                "sha256:e857a2232ba53ae940d3456f7533ce6ca98b81917d47adc3c7fd55dad8fab858",
                "sha256:ee4006268ed33370957f55bf2e6f4d263eaf4dc3cfc473d1d90baff6ed36ce4a",
                "sha256:eef9df1eefada2c09a5e7a40991b9fc6ac6ef20b1372abd48d2794a316dc0449",
                "sha256:f058f6963fd82eb143c692cecdc89e075fa0828db2e5b291070485390b2f1c9c",
                "sha256:f25c229a6ba38a35ae6e25ca1264621cc25d4d38dca2942a7fce0b67a4efe918",
                "sha256:f2a1d0fd4242bd8643ce6f98927cf9c04540af6efa92323e9d3124f57727bfc1",
                "sha256:f7560358a6811e52e9c4d142d497f1a6e10103d3a6881f18d04dbce3729c0e2c",
                "sha256:f779d3ad205f108d14e99bb3859aa7dd8e9c68874617c72354d7ecaec2a054ac",
                "sha256:f87f746ee241d30d6ed93969de31e5ffd09a2961a051e60ae6bddde9ec3583aa"
            ],
            "markers": "python_version >= '3.7'",
            "version": "==3.2.0"
        },
        "cython": {
            "hashes": [
                "sha256:0ac10bf476476a9f7ef61ec6e44c280ef434473124ad31d3132b720f7b0e8d2a",
                "sha256:0e25c209c75df8785480dcef85db3d36c165dbc0f4c503168e8763eb735704f2",
                "sha256:171b9f70ceafcec5852089d0f9c1e75b0d554f46c882cd4e2e4acaba9bd7d148",
                "sha256:23f3a00b843a19de8bb4468b087db5b413a903213f67188729782488d67040e0",
                "sha256:2922e3031ba9ebbe7cb9200b585cc33b71d66023d78450dcb883f824f4969371",
                "sha256:31c71a615f38401b0dc1f2a5a9a6c421ffd8908c4cd5bbedc4014c1b876488e8",
                "sha256:473df5d5e400444a36ed81c6596f56a5b52a3481312d0a48d68b777790f730ae",
                "sha256:497841897942f734b0abc2dead2d4009795ee992267a70a23485fd0e937edc0b",
                "sha256:539e59949aab4955c143a468810123bf22d3e8556421e1ce2531ed4893914ca0",
                "sha256:540b3bee0711aac2e99bda4fa0a46dbcd8c74941666bfc1ef9236b1a64eeffd9",
                "sha256:57ead89128dee9609119c93d3926c7a2add451453063147900408a50144598c6",
                "sha256:5c4276fdcbccdf1e3c1756c7aeb8395e9a36874fa4d30860e7694f43d325ae13",
                "sha256:5da187bebe38030325e1c0b5b8a804d489410be2d384c0ef3ba39493c67eb51e",
                "sha256:5e545a48f919e40079b0efe7b0e081c74b96f9ef25b9c1ff4cdbd95764426b58",
                "sha256:603b9f1b8e93e8b494d3e89320c410679e21018e48b6cbc77280f5db71f17dc0",
                "sha256:695a6bcaf9e12b1e471dfce96bbecf22a1487adc2ac6106b15960a2b51b97f5d",
                "sha256:715294cd2246b39a8edca464a8366eb635f17213e4a6b9e74e52d8b877a8cb63",
                "sha256:7ebaa8800c376bcdae596fb1372cb4232a5ef957619d35839520d2786f2debb9",
                "sha256:856c7fb31d247ce713d60116375e1f8153d0291ab5e92cca7d8833a524ba9991",
                "sha256:8c6e25e9cc4961bb2abb1777c6fa9d0fa2d9b014beb3276cebe69996ff162b78",
                "sha256:9207fdedc7e789a3dcaca628176b80c82fbed9ae0997210738cbb12536a56699",
                "sha256:93f5fed1c9445fb7afe20450cdaf94b0e0356d47cc75008105be89c6a2e417b1",
                "sha256:9ce5e5209f8406ffc2b058b1293cce7a954911bb7991e623564d489197c9ba30",
                "sha256:a0674f246ad5e1571ef29d4c5ec1d6ecabe9e6c424ad0d6fee46b914d5d24d69",
                "sha256:b2f9172e4d6358f33ecce6a4339b5960f9f83eab67ea244baa812737793826b7",
                "sha256:b8a8a31b9e8860634adbca30fea1d0c7f08e208b3d7611f3e580e5f20992e5d7",
                "sha256:b8d8497091c1dc8705d1575c71e908a93b1f127a174b2d472020f3d84263ac28",
                "sha256:c111ac9abdf715762e4fb87395e59d61c0fbb6ce79eb2e24167700b6cfa8ba79",
                "sha256:c4b78356074fcaac04ecb4de289f11d506e438859877670992ece11f9c90f37b",
                "sha256:c541b2b49c6638f2b5beb9316726db84a8d1c132bf31b942dae1f9c7f6ad3b92",
                "sha256:c8435959321cf8aec867bbad54b83b7fb8343204b530d85d9ea7a1f5329d5ac2",
                "sha256:ccb77faeaad99e99c6c444d04862c6cf604204fe0a07d4c8f9cbf2c9012d7d5a",
                "sha256:e272ed97d20b026f4f25a012b25d7d7672a60e4f72b9ca385239d693cd91b2d5",
                "sha256:e57acb89bd55943c8d8bf813763d20b9099cc7165c0f16b707631a7654be9cad",
                "sha256:e93acd1f603a0c1786e0841f066ae7cef014cf4750e3cd06fd03cfdf46361419"
            ],
            "index": "pypi",
            "version": "==0.29.21"
        },
        "idna": {
            "hashes": [
                "sha256:814f528e8dead7d329833b91c5faa87d60bf71824cd12a7530b5526063d02cb4",
                "sha256:90b77e79eaa3eba6de819a0c442c0b4ceefc341a7a2ab77d7562bf49f425c5c2"
            ],
            "markers": "python_version >= '3.5'",
            "version": "==3.4"
        },
        "joblib": {
            "hashes": [
                "sha256:92f865e621e17784e7955080b6d042489e3b8e294949cc44c6eac304f59772b1",
                "sha256:ef4331c65f239985f3f2220ecc87db222f08fd22097a3dd5698f693875f8cbb9"
            ],
            "markers": "python_version >= '3.7'",
            "version": "==1.3.2"
        },
        "kaggle": {
            "hashes": [
                "sha256:6ab1d12520baa2ab91d42f81c4cb72bd3521a21e138a8d77a150b6691aa99efb"
            ],
            "index": "pypi",
            "version": "==1.5.8"
        },
        "numpy": {
            "hashes": [
                "sha256:082f8d4dd69b6b688f64f509b91d482362124986d98dc7dc5f5e9f9b9c3bb983",
                "sha256:1bc0145999e8cb8aed9d4e65dd8b139adf1919e521177f198529687dbf613065",
                "sha256:309cbcfaa103fc9a33ec16d2d62569d541b79f828c382556ff072442226d1968",
                "sha256:3673c8b2b29077f1b7b3a848794f8e11f401ba0b71c49fbd26fb40b71788b132",
                "sha256:480fdd4dbda4dd6b638d3863da3be82873bba6d32d1fc12ea1b8486ac7b8d129",
                "sha256:56ef7f56470c24bb67fb43dae442e946a6ce172f97c69f8d067ff8550cf782ff",
                "sha256:5a936fd51049541d86ccdeef2833cc89a18e4d3808fe58a8abeb802665c5af93",
                "sha256:5b6885c12784a27e957294b60f97e8b5b4174c7504665333c5e94fbf41ae5d6a",
                "sha256:667c07063940e934287993366ad5f56766bc009017b4a0fe91dbd07960d0aba7",
                "sha256:7ed448ff4eaffeb01094959b19cbaf998ecdee9ef9932381420d514e446601cd",
                "sha256:8343bf67c72e09cfabfab55ad4a43ce3f6bf6e6ced7acf70f45ded9ebb425055",
                "sha256:92feb989b47f83ebef246adabc7ff3b9a59ac30601c3f6819f8913458610bdcc",
                "sha256:935c27ae2760c21cd7354402546f6be21d3d0c806fffe967f745d5f2de5005a7",
                "sha256:aaf42a04b472d12515debc621c31cf16c215e332242e7a9f56403d814c744624",
                "sha256:b12e639378c741add21fbffd16ba5ad25c0a1a17cf2b6fe4288feeb65144f35b",
                "sha256:b1cca51512299841bf69add3b75361779962f9cee7d9ee3bb446d5982e925b69",
                "sha256:b8456987b637232602ceb4d663cb34106f7eb780e247d51a260b84760fd8f491",
                "sha256:b9792b0ac0130b277536ab8944e7b754c69560dac0415dd4b2dbd16b902c8954",
                "sha256:c9591886fc9cbe5532d5df85cb8e0cc3b44ba8ce4367bd4cf1b93dc19713da72",
                "sha256:cf1347450c0b7644ea142712619533553f02ef23f92f781312f6a3553d031fc7",
                "sha256:de8b4a9b56255797cbddb93281ed92acbc510fb7b15df3f01bd28f46ebc4edae",
                "sha256:e1b1dc0372f530f26a03578ac75d5e51b3868b9b76cd2facba4c9ee0eb252ab1",
                "sha256:e45f8e981a0ab47103181773cc0a54e650b2aef8c7b6cd07405d0fa8d869444a",
                "sha256:e4f6d3c53911a9d103d8ec9518190e52a8b945bab021745af4939cfc7c0d4a9e",
                "sha256:ed8a311493cf5480a2ebc597d1e177231984c818a86875126cfd004241a73c3e",
                "sha256:ef71a1d4fd4858596ae80ad1ec76404ad29701f8ca7cdcebc50300178db14dfc"
            ],
            "index": "pypi",
            "version": "==1.19.1"
        },
        "pandas": {
            "hashes": [
                "sha256:01b1e536eb960822c5e6b58357cad8c4b492a336f4a5630bf0b598566462a578",
                "sha256:0246c67cbaaaac8d25fed8d4cf2d8897bd858f0e540e8528a75281cee9ac516d",
                "sha256:0366150fe8ee37ef89a45d3093e05026b5f895e42bbce3902ce3b6427f1b8471",
                "sha256:16ae070c47474008769fc443ac765ffd88c3506b4a82966e7a605592978896f9",
                "sha256:1acc2bd7fc95e5408a4456897c2c2a1ae7c6acefe108d90479ab6d98d34fcc3d",
                "sha256:391db82ebeb886143b96b9c6c6166686c9a272d00020e4e39ad63b792542d9e2",
                "sha256:41675323d4fcdd15abde068607cad150dfe17f7d32290ee128e5fea98442bd09",
                "sha256:53328284a7bb046e2e885fd1b8c078bd896d7fc4575b915d4936f54984a2ba67",
                "sha256:57c5f6be49259cde8e6f71c2bf240a26b071569cabc04c751358495d09419e56",
                "sha256:84c101d0f7bbf0d9f1be9a2f29f6fcc12415442558d067164e50a56edfb732b4",
                "sha256:88930c74f69e97b17703600233c0eaf1f4f4dd10c14633d522724c5c1b963ec4",
                "sha256:8c9ec12c480c4d915e23ee9c8a2d8eba8509986f35f307771045c1294a2e5b73",
                "sha256:a81c4bf9c59010aa3efddbb6b9fc84a9b76dc0b4da2c2c2d50f06a9ef6ac0004",
                "sha256:d9644ac996149b2a51325d48d77e25c911e01aa6d39dc1b64be679cd71f683ec",
                "sha256:e4b6c98f45695799990da328e6fd7d6187be32752ed64c2f22326ad66762d179",
                "sha256:fe6f1623376b616e03d51f0dd95afd862cf9a33c18cf55ce0ed4bbe1c4444391"
            ],
            "index": "pypi",
            "version": "==1.1.1"
        },
        "python-dateutil": {
            "hashes": [
                "sha256:0123cacc1627ae19ddf3c27a5de5bd67ee4586fbdd6440d9748f8abb483d3e86",
                "sha256:961d03dc3453ebbc59dbdea9e4e11c5651520a876d0f4db161e8674aae935da9"
            ],
            "markers": "python_version >= '2.7' and python_version not in '3.0, 3.1, 3.2, 3.3'",
            "version": "==2.8.2"
        },
        "python-slugify": {
            "hashes": [
                "sha256:70ca6ea68fe63ecc8fa4fcf00ae651fc8a5d02d93dcd12ae6d4fc7ca46c4d395",
                "sha256:ce0d46ddb668b3be82f4ed5e503dbc33dd815d83e2eb6824211310d3fb172a27"
            ],
            "markers": "python_version >= '3.7'",
            "version": "==8.0.1"
        },
        "pytz": {
            "hashes": [
                "sha256:7b4fddbeb94a1eba4b557da24f19fdf9db575192544270a9101d8509f9f43d7b",
                "sha256:ce42d816b81b68506614c11e8937d3aa9e41007ceb50bfdcb0749b921bf646c7"
            ],
            "version": "==2023.3.post1"
        },
        "requests": {
            "hashes": [
                "sha256:58cd2187c01e70e6e26505bca751777aa9f2ee0b7f4300988b709f44e013003f",
                "sha256:942c5a758f98d790eaed1a29cb6eefc7ffb0d1cf7af05c3d2791656dbd6ad1e1"
            ],
            "markers": "python_version >= '3.7'",
            "version": "==2.31.0"
        },
        "scikit-learn": {
            "hashes": [
                "sha256:0ce9233cdf0cdcf0858a5849d306490bf6de71fa7603a3835124e386e62f2311",
                "sha256:14e8775eba072ab10866a7e0596bc9906873e22c4c370a651223372eb62de180",
                "sha256:1a231cced3ee3fa04756b4a7ab532dc9417acd581a330adff5f2c01ac2831fcf",
                "sha256:1ec668ce003a5b3d12d020d2cde0abd64b262ac5f098b5c84cf9657deb9996a8",
                "sha256:3153612ff8d36fa4e35ef8b897167119213698ea78f3fd130b4068e6f8d2da5a",
                "sha256:4d379f2b34096105a96bd857b88601dffe7389bd55750f6f29aaa37bc6272eb5",
                "sha256:52b77cc08bd555969ec5150788ed50276f5ef83abb72e6f469c5b91a0009bbca",
                "sha256:58b0c2490eff8355dc26e884487bf8edaccf2ba48d09b194fb2f3a026dd64f9d",
                "sha256:66f7bb1fec37d65f4ef85953e1df5d3c98a0f0141d394dcdaead5a6de9170347",
                "sha256:6bb9490fdb8e7e00f1354621689187bef3cab289c9b869688f805bf724434755",
                "sha256:7d8dee8c1f40eeba49a85fe378bdf70a07bb64aba1a08fda1e0f48d27edfc3e6",
                "sha256:8454d57a22d856f1fbf3091bd86f9ebd4bff89088819886dc0c72f47a6c30652",
                "sha256:845f81c7ceb4ea6bac64ab1c9f2ce8bef0a84d0f21f3bece2126adcc213dfecd",
                "sha256:8d993fb70a1d78c9798b8f2f28705bfbfcd546b661f9e2e67aa85f81052b9c53",
                "sha256:a15d964d9eb181c79c190d3dbc2fff7338786bf017e9039571418a1d53dab236",
                "sha256:a683394bc3f80b7c312c27f9b14ebea7766b1f0a34faf1a2e9158d80e860ec26",
                "sha256:a7135a03af71138669f19bc96e7d0cc8081aed4b3565cc3b131135d65fc642ba",
                "sha256:c413c2c850241998168bbb3bd1bb59ff03b1195a53864f0b80ab092071af6028",
                "sha256:c6448c37741145b241eeac617028ba6ec2119e1339b1385c9720dae31367f2be",
                "sha256:ccbbedae99325628c1d1cbe3916b7ef58a1ce949672d8d39c8b190e10219fd32",
                "sha256:f66eddfda9d45dd6cadcd706b65669ce1df84b8549875691b1f403730bdef217"
            ],
            "markers": "python_version >= '3.8'",
            "version": "==1.3.1"
        },
        "scipy": {
            "hashes": [
                "sha256:066c513d90eb3fd7567a9e150828d39111ebd88d3e924cdfc9f8ce19ab6f90c9",
                "sha256:07e52b316b40a4f001667d1ad4eb5f2318738de34597bd91537851365b6c61f1",
                "sha256:0a0e9a4e58a4734c2eba917f834b25b7e3b6dc333901ce7784fd31aefbd37b2f",
                "sha256:1c7564a4810c1cd77fcdee7fa726d7d39d4e2695ad252d7c86c3ea9d85b7fb8f",
                "sha256:315aa2165aca31375f4e26c230188db192ed901761390be908c9b21d8b07df62",
                "sha256:6e86c873fe1335d88b7a4bfa09d021f27a9e753758fd75f3f92d714aa4093768",
                "sha256:8e28e74b97fc8d6aa0454989db3b5d36fc27e69cef39a7ee5eaf8174ca1123cb",
                "sha256:92eb04041d371fea828858e4fff182453c25ae3eaa8782d9b6c32b25857d23bc",
                "sha256:a0afbb967fd2c98efad5f4c24439a640d39463282040a88e8e928db647d8ac3d",
                "sha256:a785409c0fa51764766840185a34f96a0a93527a0ff0230484d33a8ed085c8f8",
                "sha256:cca9fce15109a36a0a9f9cfc64f870f1c140cb235ddf27fe0328e6afb44dfed0",
                "sha256:d56b10d8ed72ec1be76bf10508446df60954f08a41c2d40778bc29a3a9ad9bce",
                "sha256:dac09281a0eacd59974e24525a3bc90fa39b4e95177e638a31b14db60d3fa806",
                "sha256:ec5fe57e46828d034775b00cd625c4a7b5c7d2e354c3b258d820c6c72212a6ec",
                "sha256:eecf40fa87eeda53e8e11d265ff2254729d04000cd40bae648e76ff268885d66",
                "sha256:fc98f3eac993b9bfdd392e675dfe19850cc8c7246a8fd2b42443e506344be7d9"
            ],
            "index": "pypi",
            "version": "==1.5.2"
        },
        "setuptools": {
            "hashes": [
                "sha256:4ac1475276d2f1c48684874089fefcd83bd7162ddaafb81fac866ba0db282a87",
                "sha256:b454a35605876da60632df1a60f736524eb73cc47bbc9f3f1ef1b644de74fd2a"
            ],
            "markers": "python_version >= '3.8'",
            "version": "==68.2.2"
        },
        "six": {
            "hashes": [
                "sha256:1e61c37477a1626458e36f7b1d82aa5c9b094fa4802892072e49de9c60c4c926",
                "sha256:8abb2f1d86890a2dfb989f9a77cfcfd3e47c2a354b01111771326f8aa26e0254"
            ],
            "markers": "python_version >= '2.7' and python_version not in '3.0, 3.1, 3.2, 3.3'",
            "version": "==1.16.0"
        },
        "sklearn": {
            "hashes": [
                "sha256:e23001573aa194b834122d2b9562459bf5ae494a2d59ca6b8aa22c85a44c0e31"
            ],
            "index": "pypi",
            "version": "==0.0"
        },
        "slugify": {
            "hashes": [
                "sha256:c5703cc11c1a6947536f3ce8bb306766b8bb5a84a53717f5a703ce0f18235e4c"
            ],
            "version": "==0.0.1"
        },
        "sparse-dot-topn": {
            "hashes": [
                "sha256:19414d4172f4ea78f44f9b95847fbc5f68c50cae6ced99e623173628941fe100",
                "sha256:721f2bc4615c6050084f96518322f1dcb2b82a1016a4d9a1fe508d351d992136",
                "sha256:f4c706dc8bf23b7c69aa4dfeb958884b36d65c2a9a5ca80eda5cfb8ae32e17a9"
            ],
            "index": "pypi",
            "version": "==0.2.9"
        },
        "text-unidecode": {
            "hashes": [
                "sha256:1311f10e8b895935241623731c2ba64f4c455287888b18189350b67134a822e8",
                "sha256:bad6603bb14d279193107714b288be206cac565dfa49aa5b105294dd5c4aab93"
            ],
            "version": "==1.3"
        },
        "threadpoolctl": {
            "hashes": [
                "sha256:2b7818516e423bdaebb97c723f86a7c6b0a83d3f3b0970328d66f4d9104dc032",
                "sha256:c96a0ba3bdddeaca37dc4cc7344aafad41cdb8c313f74fdfe387a867bba93355"
            ],
            "markers": "python_version >= '3.8'",
            "version": "==3.2.0"
        },
        "tqdm": {
            "hashes": [
                "sha256:d302b3c5b53d47bce91fea46679d9c3c6508cf6332229aa1e7d8653723793386",
                "sha256:d88e651f9db8d8551a62556d3cff9e3034274ca5d66e93197cf2490e2dcb69c7"
            ],
            "markers": "python_version >= '3.7'",
            "version": "==4.66.1"
        },
        "urllib3": {
            "hashes": [
                "sha256:2393a695cd12afedd0dcb26fe5d50d0cf248e5a66f75dbd89a3d4eb333a61af4",
                "sha256:a637e5fae88995b256e3409dc4d52c2e2e0ba32c42a6365fee8bbd2238de3cfb"
            ],
            "markers": "python_version >= '2.7' and python_version not in '3.0, 3.1, 3.2, 3.3' and python_version < '4'",
            "version": "==1.24.3"
        }
    },
    "develop": {
        "astroid": {
            "hashes": [
                "sha256:87ae7f2398b8a0ae5638ddecf9987f081b756e0e9fc071aeebdca525671fc4dc",
                "sha256:b31c92f545517dcc452f284bc9c044050862fbe6d93d2b3de4a215a6b384bf0d"
            ],
            "markers": "python_version >= '3.6'",
            "version": "==2.5"
        },
        "isort": {
            "hashes": [
                "sha256:8bef7dde241278824a6d83f44a544709b065191b95b6e50894bdc722fcba0504",
                "sha256:f84c2818376e66cf843d497486ea8fed8700b340f308f076c6fb1229dff318b6"
            ],
            "markers": "python_full_version >= '3.8.0'",
            "version": "==5.12.0"
        },
        "lazy-object-proxy": {
            "hashes": [
                "sha256:09763491ce220c0299688940f8dc2c5d05fd1f45af1e42e636b2e8b2303e4382",
                "sha256:0a891e4e41b54fd5b8313b96399f8b0e173bbbfc03c7631f01efbe29bb0bcf82",
                "sha256:189bbd5d41ae7a498397287c408617fe5c48633e7755287b21d741f7db2706a9",
                "sha256:18b78ec83edbbeb69efdc0e9c1cb41a3b1b1ed11ddd8ded602464c3fc6020494",
                "sha256:1aa3de4088c89a1b69f8ec0dcc169aa725b0ff017899ac568fe44ddc1396df46",
                "sha256:212774e4dfa851e74d393a2370871e174d7ff0ebc980907723bb67d25c8a7c30",
                "sha256:2d0daa332786cf3bb49e10dc6a17a52f6a8f9601b4cf5c295a4f85854d61de63",
                "sha256:5f83ac4d83ef0ab017683d715ed356e30dd48a93746309c8f3517e1287523ef4",
                "sha256:659fb5809fa4629b8a1ac5106f669cfc7bef26fbb389dda53b3e010d1ac4ebae",
                "sha256:660c94ea760b3ce47d1855a30984c78327500493d396eac4dfd8bd82041b22be",
                "sha256:66a3de4a3ec06cd8af3f61b8e1ec67614fbb7c995d02fa224813cb7afefee701",
                "sha256:721532711daa7db0d8b779b0bb0318fa87af1c10d7fe5e52ef30f8eff254d0cd",
                "sha256:7322c3d6f1766d4ef1e51a465f47955f1e8123caee67dd641e67d539a534d006",
                "sha256:79a31b086e7e68b24b99b23d57723ef7e2c6d81ed21007b6281ebcd1688acb0a",
                "sha256:81fc4d08b062b535d95c9ea70dbe8a335c45c04029878e62d744bdced5141586",
                "sha256:8fa02eaab317b1e9e03f69aab1f91e120e7899b392c4fc19807a8278a07a97e8",
                "sha256:9090d8e53235aa280fc9239a86ae3ea8ac58eff66a705fa6aa2ec4968b95c821",
                "sha256:946d27deaff6cf8452ed0dba83ba38839a87f4f7a9732e8f9fd4107b21e6ff07",
                "sha256:9990d8e71b9f6488e91ad25f322898c136b008d87bf852ff65391b004da5e17b",
                "sha256:9cd077f3d04a58e83d04b20e334f678c2b0ff9879b9375ed107d5d07ff160171",
                "sha256:9e7551208b2aded9c1447453ee366f1c4070602b3d932ace044715d89666899b",
                "sha256:9f5fa4a61ce2438267163891961cfd5e32ec97a2c444e5b842d574251ade27d2",
                "sha256:b40387277b0ed2d0602b8293b94d7257e17d1479e257b4de114ea11a8cb7f2d7",
                "sha256:bfb38f9ffb53b942f2b5954e0f610f1e721ccebe9cce9025a38c8ccf4a5183a4",
                "sha256:cbf9b082426036e19c6924a9ce90c740a9861e2bdc27a4834fd0a910742ac1e8",
                "sha256:d9e25ef10a39e8afe59a5c348a4dbf29b4868ab76269f81ce1674494e2565a6e",
                "sha256:db1c1722726f47e10e0b5fdbf15ac3b8adb58c091d12b3ab713965795036985f",
                "sha256:e7c21c95cae3c05c14aafffe2865bbd5e377cfc1348c4f7751d9dc9a48ca4bda",
                "sha256:e8c6cfb338b133fbdbc5cfaa10fe3c6aeea827db80c978dbd13bc9dd8526b7d4",
                "sha256:ea806fd4c37bf7e7ad82537b0757999264d5f70c45468447bb2b91afdbe73a6e",
                "sha256:edd20c5a55acb67c7ed471fa2b5fb66cb17f61430b7a6b9c3b4a1e40293b1671",
                "sha256:f0117049dd1d5635bbff65444496c90e0baa48ea405125c088e93d9cf4525b11",
                "sha256:f0705c376533ed2a9e5e97aacdbfe04cecd71e0aa84c7c0595d02ef93b6e4455",
                "sha256:f12ad7126ae0c98d601a7ee504c1122bcef553d1d5e0c3bfa77b16b3968d2734",
                "sha256:f2457189d8257dd41ae9b434ba33298aec198e30adf2dcdaaa3a28b9994f6adb",
                "sha256:f699ac1c768270c9e384e4cbd268d6e67aebcfae6cd623b4d7c3bfde5a35db59"
            ],
            "markers": "python_version >= '3.7'",
            "version": "==1.9.0"
        },
        "mccabe": {
            "hashes": [
                "sha256:ab8a6258860da4b6677da4bd2fe5dc2c659cff31b3ee4f7f5d64e79735b80d42",
                "sha256:dd8d182285a0fe56bace7f45b5e7d1a6ebcbf524e8f3bd87eb0f125271b8831f"
            ],
            "version": "==0.6.1"
        },
        "pep8": {
            "hashes": [
                "sha256:b22cfae5db09833bb9bd7c8463b53e1a9c9b39f12e304a8d0bba729c501827ee",
                "sha256:fe249b52e20498e59e0b5c5256aa52ee99fc295b26ec9eaa85776ffdb9fe6374"
            ],
            "index": "pypi",
            "version": "==1.7.1"
        },
        "pylint": {
            "hashes": [
                "sha256:bb4a908c9dadbc3aac18860550e870f58e1a02c9f2c204fdf5693d73be061210",
                "sha256:bfe68f020f8a0fece830a22dd4d5dddb4ecc6137db04face4c3420a46a52239f"
            ],
            "index": "pypi",
            "version": "==2.6.0"
        },
        "toml": {
            "hashes": [
                "sha256:806143ae5bfb6a3c6e736a764057db0e6a0e05e338b5630894a5f779cabb4f9b",
                "sha256:b3bda1d108d5dd99f4a20d24d9c348e91c4db7ab1b749200bded2f839ccbe68f"
            ],
            "markers": "python_version >= '2.6' and python_version not in '3.0, 3.1, 3.2, 3.3'",
            "version": "==0.10.2"
        },
        "wrapt": {
            "hashes": [
                "sha256:b62ffa81fb85f4332a4f609cab4ac40709470da05643a082ec1eb88e6d9b97d7"
            ],
            "version": "==1.12.1"
        }
    }
}
